{
  "version": 4,
  "terraform_version": "1.10.5",
  "serial": 37,
  "lineage": "3f746513-363e-70ae-f1f5-77ad478dd19b",
  "outputs": {
    "dynamodb_table": {
      "value": {
        "arn": "arn:aws:dynamodb:us-east-1:866375467105:table/tf-remote-state-lock",
        "attribute": [
          {
            "name": "LockID",
            "type": "S"
          }
        ],
        "billing_mode": "PAY_PER_REQUEST",
        "deletion_protection_enabled": true,
        "global_secondary_index": [],
        "hash_key": "LockID",
        "id": "tf-remote-state-lock",
        "import_table": [],
        "local_secondary_index": [],
        "name": "tf-remote-state-lock",
        "on_demand_throughput": [],
        "point_in_time_recovery": [
          {
            "enabled": true
          }
        ],
        "range_key": null,
        "read_capacity": 0,
        "replica": [
          {
            "arn": "arn:aws:dynamodb:us-west-1:866375467105:table/tf-remote-state-lock",
            "kms_key_arn": "",
            "point_in_time_recovery": false,
            "propagate_tags": false,
            "region_name": "us-west-1",
            "stream_arn": "arn:aws:dynamodb:us-west-1:866375467105:table/tf-remote-state-lock/stream/2025-01-26T09:38:08.528",
            "stream_label": "2025-01-26T09:38:08.528"
          }
        ],
        "restore_date_time": null,
        "restore_source_name": null,
        "restore_source_table_arn": null,
        "restore_to_latest_time": null,
        "server_side_encryption": [],
        "stream_arn": "arn:aws:dynamodb:us-east-1:866375467105:table/tf-remote-state-lock/stream/2025-01-26T09:37:47.562",
        "stream_enabled": true,
        "stream_label": "2025-01-26T09:37:47.562",
        "stream_view_type": "NEW_AND_OLD_IMAGES",
        "table_class": "STANDARD",
        "tags": {
          "Terraform": "true"
        },
        "tags_all": {
          "Terraform": "true"
        },
        "timeouts": null,
        "ttl": [
          {
            "attribute_name": "",
            "enabled": false
          }
        ],
        "write_capacity": 0
      },
      "type": [
        "object",
        {
          "arn": "string",
          "attribute": [
            "set",
            [
              "object",
              {
                "name": "string",
                "type": "string"
              }
            ]
          ],
          "billing_mode": "string",
          "deletion_protection_enabled": "bool",
          "global_secondary_index": [
            "set",
            [
              "object",
              {
                "hash_key": "string",
                "name": "string",
                "non_key_attributes": [
                  "set",
                  "string"
                ],
                "on_demand_throughput": [
                  "list",
                  [
                    "object",
                    {
                      "max_read_request_units": "number",
                      "max_write_request_units": "number"
                    }
                  ]
                ],
                "projection_type": "string",
                "range_key": "string",
                "read_capacity": "number",
                "write_capacity": "number"
              }
            ]
          ],
          "hash_key": "string",
          "id": "string",
          "import_table": [
            "list",
            [
              "object",
              {
                "input_compression_type": "string",
                "input_format": "string",
                "input_format_options": [
                  "list",
                  [
                    "object",
                    {
                      "csv": [
                        "list",
                        [
                          "object",
                          {
                            "delimiter": "string",
                            "header_list": [
                              "set",
                              "string"
                            ]
                          }
                        ]
                      ]
                    }
                  ]
                ],
                "s3_bucket_source": [
                  "list",
                  [
                    "object",
                    {
                      "bucket": "string",
                      "bucket_owner": "string",
                      "key_prefix": "string"
                    }
                  ]
                ]
              }
            ]
          ],
          "local_secondary_index": [
            "set",
            [
              "object",
              {
                "name": "string",
                "non_key_attributes": [
                  "list",
                  "string"
                ],
                "projection_type": "string",
                "range_key": "string"
              }
            ]
          ],
          "name": "string",
          "on_demand_throughput": [
            "list",
            [
              "object",
              {
                "max_read_request_units": "number",
                "max_write_request_units": "number"
              }
            ]
          ],
          "point_in_time_recovery": [
            "list",
            [
              "object",
              {
                "enabled": "bool"
              }
            ]
          ],
          "range_key": "string",
          "read_capacity": "number",
          "replica": [
            "set",
            [
              "object",
              {
                "arn": "string",
                "kms_key_arn": "string",
                "point_in_time_recovery": "bool",
                "propagate_tags": "bool",
                "region_name": "string",
                "stream_arn": "string",
                "stream_label": "string"
              }
            ]
          ],
          "restore_date_time": "string",
          "restore_source_name": "string",
          "restore_source_table_arn": "string",
          "restore_to_latest_time": "bool",
          "server_side_encryption": [
            "list",
            [
              "object",
              {
                "enabled": "bool",
                "kms_key_arn": "string"
              }
            ]
          ],
          "stream_arn": "string",
          "stream_enabled": "bool",
          "stream_label": "string",
          "stream_view_type": "string",
          "table_class": "string",
          "tags": [
            "map",
            "string"
          ],
          "tags_all": [
            "map",
            "string"
          ],
          "timeouts": [
            "object",
            {
              "create": "string",
              "delete": "string",
              "update": "string"
            }
          ],
          "ttl": [
            "list",
            [
              "object",
              {
                "attribute_name": "string",
                "enabled": "bool"
              }
            ]
          ],
          "write_capacity": "number"
        }
      ]
    },
    "kms_key": {
      "value": "797e1767-e719-4117-b50f-0c0003dd6ee0",
      "type": "string"
    },
    "kms_key_replica": {
      "value": {
        "arn": "arn:aws:kms:us-west-1:866375467105:key/8ae74221-19e7-4e32-958c-634cd291012e",
        "bypass_policy_lockout_safety_check": false,
        "custom_key_store_id": "",
        "customer_master_key_spec": "SYMMETRIC_DEFAULT",
        "deletion_window_in_days": 30,
        "description": "The key used to encrypt the remote state bucket.",
        "enable_key_rotation": true,
        "id": "8ae74221-19e7-4e32-958c-634cd291012e",
        "is_enabled": true,
        "key_id": "8ae74221-19e7-4e32-958c-634cd291012e",
        "key_usage": "ENCRYPT_DECRYPT",
        "multi_region": false,
        "policy": "{\"Id\":\"key-default-1\",\"Statement\":[{\"Action\":\"kms:*\",\"Effect\":\"Allow\",\"Principal\":{\"AWS\":\"arn:aws:iam::866375467105:root\"},\"Resource\":\"*\",\"Sid\":\"Enable IAM User Permissions\"}],\"Version\":\"2012-10-17\"}",
        "rotation_period_in_days": 365,
        "tags": {
          "Terraform": "true"
        },
        "tags_all": {
          "Terraform": "true"
        },
        "timeouts": null,
        "xks_key_id": ""
      },
      "type": [
        "object",
        {
          "arn": "string",
          "bypass_policy_lockout_safety_check": "bool",
          "custom_key_store_id": "string",
          "customer_master_key_spec": "string",
          "deletion_window_in_days": "number",
          "description": "string",
          "enable_key_rotation": "bool",
          "id": "string",
          "is_enabled": "bool",
          "key_id": "string",
          "key_usage": "string",
          "multi_region": "bool",
          "policy": "string",
          "rotation_period_in_days": "number",
          "tags": [
            "map",
            "string"
          ],
          "tags_all": [
            "map",
            "string"
          ],
          "timeouts": [
            "object",
            {
              "create": "string"
            }
          ],
          "xks_key_id": "string"
        }
      ]
    },
    "replica_bucket": {
      "value": "discovery-studio-tfstate-replica",
      "type": "string"
    },
    "state_bucket": {
      "value": "discovery-studio-tfstate",
      "type": "string"
    },
    "terraform_iam_policy": {
      "value": {
        "arn": "arn:aws:iam::866375467105:policy/terraform20250126100803658600000001",
        "attachment_count": 0,
        "description": "",
        "id": "arn:aws:iam::866375467105:policy/terraform20250126100803658600000001",
        "name": "terraform20250126100803658600000001",
        "name_prefix": "terraform",
        "path": "/",
        "policy": "{\"Statement\":[{\"Action\":[\"s3:ListBucket\",\"s3:GetBucketVersioning\"],\"Effect\":\"Allow\",\"Resource\":\"arn:aws:s3:::discovery-studio-tfstate\"},{\"Action\":[\"s3:GetObject\",\"s3:PutObject\"],\"Effect\":\"Allow\",\"Resource\":\"arn:aws:s3:::discovery-studio-tfstate/*\"},{\"Action\":[\"dynamodb:GetItem\",\"dynamodb:PutItem\",\"dynamodb:DeleteItem\",\"dynamodb:DescribeTable\"],\"Effect\":\"Allow\",\"Resource\":\"arn:aws:dynamodb:us-east-1:866375467105:table/tf-remote-state-lock\"},{\"Action\":[\"kms:ListKeys\"],\"Effect\":\"Allow\",\"Resource\":\"*\"},{\"Action\":[\"kms:Encrypt\",\"kms:Decrypt\",\"kms:DescribeKey\",\"kms:GenerateDataKey\"],\"Effect\":\"Allow\",\"Resource\":\"arn:aws:kms:us-east-1:866375467105:key/797e1767-e719-4117-b50f-0c0003dd6ee0\"}],\"Version\":\"2012-10-17\"}",
        "policy_id": "ANPA4TOAAQBQVSHRYCU4T",
        "tags": {
          "Terraform": "true"
        },
        "tags_all": {
          "Terraform": "true"
        }
      },
      "type": [
        "object",
        {
          "arn": "string",
          "attachment_count": "number",
          "description": "string",
          "id": "string",
          "name": "string",
          "name_prefix": "string",
          "path": "string",
          "policy": "string",
          "policy_id": "string",
          "tags": [
            "map",
            "string"
          ],
          "tags_all": [
            "map",
            "string"
          ]
        }
      ]
    }
  },
  "resources": [
    {
      "mode": "managed",
      "type": "aws_iam_user",
      "name": "terraform",
      "provider": "provider[\"registry.terraform.io/hashicorp/aws\"]",
      "instances": [
        {
          "schema_version": 0,
          "attributes": {
            "arn": "arn:aws:iam::866375467105:user/TerraformUser",
            "force_destroy": false,
            "id": "TerraformUser",
            "name": "TerraformUser",
            "path": "/",
            "permissions_boundary": "",
            "tags": {},
            "tags_all": {},
            "unique_id": "AIDA4TOAAQBQ57UGWHLVN"
          },
          "sensitive_attributes": [],
          "private": "bnVsbA=="
        }
      ]
    },
    {
      "mode": "managed",
      "type": "aws_iam_user_policy_attachment",
      "name": "remote_state_access",
      "provider": "provider[\"registry.terraform.io/hashicorp/aws\"]",
      "instances": [
        {
          "schema_version": 0,
          "attributes": {
            "id": "TerraformUser-20250126100804113200000002",
            "policy_arn": "arn:aws:iam::866375467105:policy/terraform20250126100803658600000001",
            "user": "TerraformUser"
          },
          "sensitive_attributes": [],
          "private": "bnVsbA==",
          "dependencies": [
            "aws_iam_user.terraform",
            "module.remote_state.aws_dynamodb_table.lock",
            "module.remote_state.aws_iam_policy.terraform",
            "module.remote_state.aws_kms_key.replica",
            "module.remote_state.aws_kms_key.this",
            "module.remote_state.aws_s3_bucket.state",
            "module.remote_state.data.aws_region.replica"
          ]
        }
      ]
    },
    {
      "module": "module.remote_state",
      "mode": "data",
      "type": "aws_iam_policy_document",
      "name": "replica_force_ssl",
      "provider": "provider[\"registry.terraform.io/hashicorp/aws\"]",
      "instances": [
        {
          "index_key": 0,
          "schema_version": 0,
          "attributes": {
            "id": "3461819880",
            "json": "{\n  \"Version\": \"2012-10-17\",\n  \"Statement\": [\n    {\n      \"Sid\": \"AllowSSLRequestsOnly\",\n      \"Effect\": \"Deny\",\n      \"Action\": \"s3:*\",\n      \"Resource\": [\n        \"arn:aws:s3:::discovery-studio-tfstate-replica/*\",\n        \"arn:aws:s3:::discovery-studio-tfstate-replica\"\n      ],\n      \"Principal\": \"*\",\n      \"Condition\": {\n        \"Bool\": {\n          \"aws:SecureTransport\": \"false\"\n        }\n      }\n    }\n  ]\n}",
            "minified_json": "{\"Version\":\"2012-10-17\",\"Statement\":[{\"Sid\":\"AllowSSLRequestsOnly\",\"Effect\":\"Deny\",\"Action\":\"s3:*\",\"Resource\":[\"arn:aws:s3:::discovery-studio-tfstate-replica/*\",\"arn:aws:s3:::discovery-studio-tfstate-replica\"],\"Principal\":\"*\",\"Condition\":{\"Bool\":{\"aws:SecureTransport\":\"false\"}}}]}",
            "override_json": null,
            "override_policy_documents": null,
            "policy_id": null,
            "source_json": null,
            "source_policy_documents": null,
            "statement": [
              {
                "actions": [
                  "s3:*"
                ],
                "condition": [
                  {
                    "test": "Bool",
                    "values": [
                      "false"
                    ],
                    "variable": "aws:SecureTransport"
                  }
                ],
                "effect": "Deny",
                "not_actions": [],
                "not_principals": [],
                "not_resources": [],
                "principals": [
                  {
                    "identifiers": [
                      "*"
                    ],
                    "type": "*"
                  }
                ],
                "resources": [
                  "arn:aws:s3:::discovery-studio-tfstate-replica",
                  "arn:aws:s3:::discovery-studio-tfstate-replica/*"
                ],
                "sid": "AllowSSLRequestsOnly"
              }
            ],
            "version": "2012-10-17"
          },
          "sensitive_attributes": []
        }
      ]
    },
    {
      "module": "module.remote_state",
      "mode": "data",
      "type": "aws_iam_policy_document",
      "name": "state_force_ssl",
      "provider": "provider[\"registry.terraform.io/hashicorp/aws\"]",
      "instances": [
        {
          "schema_version": 0,
          "attributes": {
            "id": "2794113634",
            "json": "{\n  \"Version\": \"2012-10-17\",\n  \"Statement\": [\n    {\n      \"Sid\": \"AllowSSLRequestsOnly\",\n      \"Effect\": \"Deny\",\n      \"Action\": \"s3:*\",\n      \"Resource\": [\n        \"arn:aws:s3:::discovery-studio-tfstate/*\",\n        \"arn:aws:s3:::discovery-studio-tfstate\"\n      ],\n      \"Principal\": \"*\",\n      \"Condition\": {\n        \"Bool\": {\n          \"aws:SecureTransport\": \"false\"\n        }\n      }\n    }\n  ]\n}",
            "minified_json": "{\"Version\":\"2012-10-17\",\"Statement\":[{\"Sid\":\"AllowSSLRequestsOnly\",\"Effect\":\"Deny\",\"Action\":\"s3:*\",\"Resource\":[\"arn:aws:s3:::discovery-studio-tfstate/*\",\"arn:aws:s3:::discovery-studio-tfstate\"],\"Principal\":\"*\",\"Condition\":{\"Bool\":{\"aws:SecureTransport\":\"false\"}}}]}",
            "override_json": null,
            "override_policy_documents": null,
            "policy_id": null,
            "source_json": null,
            "source_policy_documents": null,
            "statement": [
              {
                "actions": [
                  "s3:*"
                ],
                "condition": [
                  {
                    "test": "Bool",
                    "values": [
                      "false"
                    ],
                    "variable": "aws:SecureTransport"
                  }
                ],
                "effect": "Deny",
                "not_actions": [],
                "not_principals": [],
                "not_resources": [],
                "principals": [
                  {
                    "identifiers": [
                      "*"
                    ],
                    "type": "*"
                  }
                ],
                "resources": [
                  "arn:aws:s3:::discovery-studio-tfstate",
                  "arn:aws:s3:::discovery-studio-tfstate/*"
                ],
                "sid": "AllowSSLRequestsOnly"
              }
            ],
            "version": "2012-10-17"
          },
          "sensitive_attributes": []
        }
      ]
    },
    {
      "module": "module.remote_state",
      "mode": "data",
      "type": "aws_region",
      "name": "replica",
      "provider": "provider[\"registry.terraform.io/hashicorp/aws\"].replica",
      "instances": [
        {
          "index_key": 0,
          "schema_version": 0,
          "attributes": {
            "description": "US West (N. California)",
            "endpoint": "ec2.us-west-1.amazonaws.com",
            "id": "us-west-1",
            "name": "us-west-1"
          },
          "sensitive_attributes": []
        }
      ]
    },
    {
      "module": "module.remote_state",
      "mode": "data",
      "type": "aws_region",
      "name": "state",
      "provider": "provider[\"registry.terraform.io/hashicorp/aws\"]",
      "instances": [
        {
          "schema_version": 0,
          "attributes": {
            "description": "US East (N. Virginia)",
            "endpoint": "ec2.us-east-1.amazonaws.com",
            "id": "us-east-1",
            "name": "us-east-1"
          },
          "sensitive_attributes": []
        }
      ]
    },
    {
      "module": "module.remote_state",
      "mode": "managed",
      "type": "aws_dynamodb_table",
      "name": "lock",
      "provider": "provider[\"registry.terraform.io/hashicorp/aws\"]",
      "instances": [
        {
          "schema_version": 1,
          "attributes": {
            "arn": "arn:aws:dynamodb:us-east-1:866375467105:table/tf-remote-state-lock",
            "attribute": [
              {
                "name": "LockID",
                "type": "S"
              }
            ],
            "billing_mode": "PAY_PER_REQUEST",
            "deletion_protection_enabled": true,
            "global_secondary_index": [],
            "hash_key": "LockID",
            "id": "tf-remote-state-lock",
            "import_table": [],
            "local_secondary_index": [],
            "name": "tf-remote-state-lock",
            "on_demand_throughput": [],
            "point_in_time_recovery": [
              {
                "enabled": true
              }
            ],
            "range_key": null,
            "read_capacity": 0,
            "replica": [
              {
                "arn": "arn:aws:dynamodb:us-west-1:866375467105:table/tf-remote-state-lock",
                "kms_key_arn": "",
                "point_in_time_recovery": false,
                "propagate_tags": false,
                "region_name": "us-west-1",
                "stream_arn": "arn:aws:dynamodb:us-west-1:866375467105:table/tf-remote-state-lock/stream/2025-01-26T09:38:08.528",
                "stream_label": "2025-01-26T09:38:08.528"
              }
            ],
            "restore_date_time": null,
            "restore_source_name": null,
            "restore_source_table_arn": null,
            "restore_to_latest_time": null,
            "server_side_encryption": [],
            "stream_arn": "arn:aws:dynamodb:us-east-1:866375467105:table/tf-remote-state-lock/stream/2025-01-26T09:37:47.562",
            "stream_enabled": true,
            "stream_label": "2025-01-26T09:37:47.562",
            "stream_view_type": "NEW_AND_OLD_IMAGES",
            "table_class": "STANDARD",
            "tags": {
              "Terraform": "true"
            },
            "tags_all": {
              "Terraform": "true"
            },
            "timeouts": null,
            "ttl": [
              {
                "attribute_name": "",
                "enabled": false
              }
            ],
            "write_capacity": 0
          },
          "sensitive_attributes": [],
          "private": "eyJlMmJmYjczMC1lY2FhLTExZTYtOGY4OC0zNDM2M2JjN2M0YzAiOnsiY3JlYXRlIjoxODAwMDAwMDAwMDAwLCJkZWxldGUiOjYwMDAwMDAwMDAwMCwidXBkYXRlIjozNjAwMDAwMDAwMDAwfSwic2NoZW1hX3ZlcnNpb24iOiIxIn0=",
          "dependencies": [
            "module.remote_state.aws_kms_key.replica",
            "module.remote_state.aws_kms_key.this",
            "module.remote_state.data.aws_region.replica"
          ]
        }
      ]
    },
    {
      "module": "module.remote_state",
      "mode": "managed",
      "type": "aws_iam_policy",
      "name": "replication",
      "provider": "provider[\"registry.terraform.io/hashicorp/aws\"]",
      "instances": [
        {
          "index_key": 0,
          "schema_version": 0,
          "attributes": {
            "arn": "arn:aws:iam::866375467105:policy/tf-remote-state-replication-policy20250126085702505500000002",
            "attachment_count": 1,
            "description": "",
            "id": "arn:aws:iam::866375467105:policy/tf-remote-state-replication-policy20250126085702505500000002",
            "name": "tf-remote-state-replication-policy20250126085702505500000002",
            "name_prefix": "tf-remote-state-replication-policy",
            "path": "/",
            "policy": "{\"Statement\":[{\"Action\":[\"s3:GetReplicationConfiguration\",\"s3:ListBucket\"],\"Effect\":\"Allow\",\"Resource\":[\"arn:aws:s3:::discovery-studio-tfstate\"]},{\"Action\":[\"s3:GetObjectVersionForReplication\",\"s3:GetObjectVersionAcl\"],\"Effect\":\"Allow\",\"Resource\":[\"arn:aws:s3:::discovery-studio-tfstate/*\"]},{\"Action\":[\"s3:ReplicateObject\",\"s3:ReplicateDelete\"],\"Effect\":\"Allow\",\"Resource\":\"arn:aws:s3:::discovery-studio-tfstate-replica/*\"},{\"Action\":[\"kms:Decrypt\"],\"Condition\":{\"StringLike\":{\"kms:EncryptionContext:aws:s3:arn\":[\"arn:aws:s3:::discovery-studio-tfstate/*\"],\"kms:ViaService\":\"s3.us-east-1.amazonaws.com\"}},\"Effect\":\"Allow\",\"Resource\":\"arn:aws:kms:us-east-1:866375467105:key/797e1767-e719-4117-b50f-0c0003dd6ee0\"},{\"Action\":[\"kms:Encrypt\",\"kms:GenerateDataKey\"],\"Condition\":{\"StringLike\":{\"kms:EncryptionContext:aws:s3:arn\":[\"arn:aws:s3:::discovery-studio-tfstate-replica/*\"],\"kms:ViaService\":\"s3.us-west-1.amazonaws.com\"}},\"Effect\":\"Allow\",\"Resource\":\"arn:aws:kms:us-west-1:866375467105:key/8ae74221-19e7-4e32-958c-634cd291012e\"}],\"Version\":\"2012-10-17\"}",
            "policy_id": "ANPA4TOAAQBQ6EV4SN3EX",
            "tags": {
              "Terraform": "true"
            },
            "tags_all": {
              "Terraform": "true"
            }
          },
          "sensitive_attributes": [],
          "private": "bnVsbA==",
          "dependencies": [
            "module.remote_state.aws_kms_key.replica",
            "module.remote_state.aws_kms_key.this",
            "module.remote_state.aws_s3_bucket.replica",
            "module.remote_state.aws_s3_bucket.state",
            "module.remote_state.data.aws_region.replica",
            "module.remote_state.data.aws_region.state"
          ]
        }
      ]
    },
    {
      "module": "module.remote_state",
      "mode": "managed",
      "type": "aws_iam_policy",
      "name": "terraform",
      "provider": "provider[\"registry.terraform.io/hashicorp/aws\"]",
      "instances": [
        {
          "index_key": 0,
          "schema_version": 0,
          "attributes": {
            "arn": "arn:aws:iam::866375467105:policy/terraform20250126100803658600000001",
            "attachment_count": 0,
            "description": "",
            "id": "arn:aws:iam::866375467105:policy/terraform20250126100803658600000001",
            "name": "terraform20250126100803658600000001",
            "name_prefix": "terraform",
            "path": "/",
            "policy": "{\"Statement\":[{\"Action\":[\"s3:ListBucket\",\"s3:GetBucketVersioning\"],\"Effect\":\"Allow\",\"Resource\":\"arn:aws:s3:::discovery-studio-tfstate\"},{\"Action\":[\"s3:GetObject\",\"s3:PutObject\"],\"Effect\":\"Allow\",\"Resource\":\"arn:aws:s3:::discovery-studio-tfstate/*\"},{\"Action\":[\"dynamodb:GetItem\",\"dynamodb:PutItem\",\"dynamodb:DeleteItem\",\"dynamodb:DescribeTable\"],\"Effect\":\"Allow\",\"Resource\":\"arn:aws:dynamodb:us-east-1:866375467105:table/tf-remote-state-lock\"},{\"Action\":[\"kms:ListKeys\"],\"Effect\":\"Allow\",\"Resource\":\"*\"},{\"Action\":[\"kms:Encrypt\",\"kms:Decrypt\",\"kms:DescribeKey\",\"kms:GenerateDataKey\"],\"Effect\":\"Allow\",\"Resource\":\"arn:aws:kms:us-east-1:866375467105:key/797e1767-e719-4117-b50f-0c0003dd6ee0\"}],\"Version\":\"2012-10-17\"}",
            "policy_id": "ANPA4TOAAQBQVSHRYCU4T",
            "tags": {
              "Terraform": "true"
            },
            "tags_all": {
              "Terraform": "true"
            }
          },
          "sensitive_attributes": [],
          "private": "bnVsbA==",
          "dependencies": [
            "module.remote_state.aws_dynamodb_table.lock",
            "module.remote_state.aws_kms_key.replica",
            "module.remote_state.aws_kms_key.this",
            "module.remote_state.aws_s3_bucket.state",
            "module.remote_state.data.aws_region.replica"
          ]
        }
      ]
    },
    {
      "module": "module.remote_state",
      "mode": "managed",
      "type": "aws_iam_policy_attachment",
      "name": "replication",
      "provider": "provider[\"registry.terraform.io/hashicorp/aws\"]",
      "instances": [
        {
          "index_key": 0,
          "schema_version": 0,
          "attributes": {
            "groups": [],
            "id": "tf-iam-role-attachment-replication-configuration",
            "name": "tf-iam-role-attachment-replication-configuration",
            "policy_arn": "arn:aws:iam::866375467105:policy/tf-remote-state-replication-policy20250126085702505500000002",
            "roles": [
              "tf-remote-state-replication-role20250126085652093000000001"
            ],
            "users": []
          },
          "sensitive_attributes": [],
          "private": "bnVsbA==",
          "dependencies": [
            "module.remote_state.aws_iam_policy.replication",
            "module.remote_state.aws_iam_role.replication",
            "module.remote_state.aws_kms_key.replica",
            "module.remote_state.aws_kms_key.this",
            "module.remote_state.aws_s3_bucket.replica",
            "module.remote_state.aws_s3_bucket.state",
            "module.remote_state.data.aws_region.replica",
            "module.remote_state.data.aws_region.state"
          ]
        }
      ]
    },
    {
      "module": "module.remote_state",
      "mode": "managed",
      "type": "aws_iam_role",
      "name": "replication",
      "provider": "provider[\"registry.terraform.io/hashicorp/aws\"]",
      "instances": [
        {
          "index_key": 0,
          "schema_version": 0,
          "attributes": {
            "arn": "arn:aws:iam::866375467105:role/tf-remote-state-replication-role20250126085652093000000001",
            "assume_role_policy": "{\"Statement\":[{\"Action\":\"sts:AssumeRole\",\"Effect\":\"Allow\",\"Principal\":{\"Service\":\"s3.amazonaws.com\"}}],\"Version\":\"2012-10-17\"}",
            "create_date": "2025-01-26T08:56:52Z",
            "description": "",
            "force_detach_policies": false,
            "id": "tf-remote-state-replication-role20250126085652093000000001",
            "inline_policy": [],
            "managed_policy_arns": [
              "arn:aws:iam::866375467105:policy/tf-remote-state-replication-policy20250126085702505500000002"
            ],
            "max_session_duration": 3600,
            "name": "tf-remote-state-replication-role20250126085652093000000001",
            "name_prefix": "tf-remote-state-replication-role",
            "path": "/",
            "permissions_boundary": "",
            "tags": {
              "Terraform": "true"
            },
            "tags_all": {
              "Terraform": "true"
            },
            "unique_id": "AROA4TOAAQBQ6XAT5PZGD"
          },
          "sensitive_attributes": [],
          "private": "bnVsbA=="
        }
      ]
    },
    {
      "module": "module.remote_state",
      "mode": "managed",
      "type": "aws_kms_key",
      "name": "replica",
      "provider": "provider[\"registry.terraform.io/hashicorp/aws\"].replica",
      "instances": [
        {
          "index_key": 0,
          "schema_version": 0,
          "attributes": {
            "arn": "arn:aws:kms:us-west-1:866375467105:key/8ae74221-19e7-4e32-958c-634cd291012e",
            "bypass_policy_lockout_safety_check": false,
            "custom_key_store_id": "",
            "customer_master_key_spec": "SYMMETRIC_DEFAULT",
            "deletion_window_in_days": 30,
            "description": "The key used to encrypt the remote state bucket.",
            "enable_key_rotation": true,
            "id": "8ae74221-19e7-4e32-958c-634cd291012e",
            "is_enabled": true,
            "key_id": "8ae74221-19e7-4e32-958c-634cd291012e",
            "key_usage": "ENCRYPT_DECRYPT",
            "multi_region": false,
            "policy": "{\"Id\":\"key-default-1\",\"Statement\":[{\"Action\":\"kms:*\",\"Effect\":\"Allow\",\"Principal\":{\"AWS\":\"arn:aws:iam::866375467105:root\"},\"Resource\":\"*\",\"Sid\":\"Enable IAM User Permissions\"}],\"Version\":\"2012-10-17\"}",
            "rotation_period_in_days": 365,
            "tags": {
              "Terraform": "true"
            },
            "tags_all": {
              "Terraform": "true"
            },
            "timeouts": null,
            "xks_key_id": ""
          },
          "sensitive_attributes": [],
          "private": "eyJlMmJmYjczMC1lY2FhLTExZTYtOGY4OC0zNDM2M2JjN2M0YzAiOnsiY3JlYXRlIjoxMjAwMDAwMDAwMDB9fQ=="
        }
      ]
    },
    {
      "module": "module.remote_state",
      "mode": "managed",
      "type": "aws_kms_key",
      "name": "this",
      "provider": "provider[\"registry.terraform.io/hashicorp/aws\"]",
      "instances": [
        {
          "schema_version": 0,
          "attributes": {
            "arn": "arn:aws:kms:us-east-1:866375467105:key/797e1767-e719-4117-b50f-0c0003dd6ee0",
            "bypass_policy_lockout_safety_check": false,
            "custom_key_store_id": "",
            "customer_master_key_spec": "SYMMETRIC_DEFAULT",
            "deletion_window_in_days": 30,
            "description": "The key used to encrypt the remote state bucket.",
            "enable_key_rotation": true,
            "id": "797e1767-e719-4117-b50f-0c0003dd6ee0",
            "is_enabled": true,
            "key_id": "797e1767-e719-4117-b50f-0c0003dd6ee0",
            "key_usage": "ENCRYPT_DECRYPT",
            "multi_region": false,
            "policy": "{\"Id\":\"key-default-1\",\"Statement\":[{\"Action\":\"kms:*\",\"Effect\":\"Allow\",\"Principal\":{\"AWS\":\"arn:aws:iam::866375467105:root\"},\"Resource\":\"*\",\"Sid\":\"Enable IAM User Permissions\"}],\"Version\":\"2012-10-17\"}",
            "rotation_period_in_days": 365,
            "tags": {
              "Terraform": "true"
            },
            "tags_all": {
              "Terraform": "true"
            },
            "timeouts": null,
            "xks_key_id": ""
          },
          "sensitive_attributes": [],
          "private": "eyJlMmJmYjczMC1lY2FhLTExZTYtOGY4OC0zNDM2M2JjN2M0YzAiOnsiY3JlYXRlIjoxMjAwMDAwMDAwMDB9fQ=="
        }
      ]
    },
    {
      "module": "module.remote_state",
      "mode": "managed",
      "type": "aws_s3_bucket",
      "name": "replica",
      "provider": "provider[\"registry.terraform.io/hashicorp/aws\"].replica",
      "instances": [
        {
          "index_key": 0,
          "schema_version": 0,
          "attributes": {
            "acceleration_status": "",
            "acl": null,
            "arn": "arn:aws:s3:::discovery-studio-tfstate-replica",
            "bucket": "discovery-studio-tfstate-replica",
            "bucket_domain_name": "discovery-studio-tfstate-replica.s3.amazonaws.com",
            "bucket_prefix": "",
            "bucket_regional_domain_name": "discovery-studio-tfstate-replica.s3.us-west-1.amazonaws.com",
            "cors_rule": [],
            "force_destroy": false,
            "grant": [
              {
                "id": "feaa46071e155605f85d68875cd1f9f0c2d5a5946a31d239eb1987bd4cac35c0",
                "permissions": [
                  "FULL_CONTROL"
                ],
                "type": "CanonicalUser",
                "uri": ""
              }
            ],
            "hosted_zone_id": "Z2F56UZL2M1ACD",
            "id": "discovery-studio-tfstate-replica",
            "lifecycle_rule": [
              {
                "abort_incomplete_multipart_upload_days": 0,
                "enabled": true,
                "expiration": [],
                "id": "auto-archive",
                "noncurrent_version_expiration": [],
                "noncurrent_version_transition": [
                  {
                    "days": 7,
                    "storage_class": "GLACIER"
                  }
                ],
                "prefix": "",
                "tags": {},
                "transition": []
              }
            ],
            "logging": [],
            "object_lock_configuration": [],
            "object_lock_enabled": false,
            "policy": "{\"Statement\":[{\"Action\":\"s3:*\",\"Condition\":{\"Bool\":{\"aws:SecureTransport\":\"false\"}},\"Effect\":\"Deny\",\"Principal\":\"*\",\"Resource\":[\"arn:aws:s3:::discovery-studio-tfstate-replica/*\",\"arn:aws:s3:::discovery-studio-tfstate-replica\"],\"Sid\":\"AllowSSLRequestsOnly\"}],\"Version\":\"2012-10-17\"}",
            "region": "us-west-1",
            "replication_configuration": [],
            "request_payer": "BucketOwner",
            "server_side_encryption_configuration": [
              {
                "rule": [
                  {
                    "apply_server_side_encryption_by_default": [
                      {
                        "kms_master_key_id": "arn:aws:kms:us-west-1:866375467105:key/8ae74221-19e7-4e32-958c-634cd291012e",
                        "sse_algorithm": "aws:kms"
                      }
                    ],
                    "bucket_key_enabled": false
                  }
                ]
              }
            ],
            "tags": {
              "Terraform": "true"
            },
            "tags_all": {
              "Terraform": "true"
            },
            "timeouts": null,
            "versioning": [
              {
                "enabled": true,
                "mfa_delete": false
              }
            ],
            "website": [],
            "website_domain": null,
            "website_endpoint": null
          },
          "sensitive_attributes": [],
          "private": "eyJlMmJmYjczMC1lY2FhLTExZTYtOGY4OC0zNDM2M2JjN2M0YzAiOnsiY3JlYXRlIjoxMjAwMDAwMDAwMDAwLCJkZWxldGUiOjM2MDAwMDAwMDAwMDAsInJlYWQiOjEyMDAwMDAwMDAwMDAsInVwZGF0ZSI6MTIwMDAwMDAwMDAwMH19"
        }
      ]
    },
    {
      "module": "module.remote_state",
      "mode": "managed",
      "type": "aws_s3_bucket",
      "name": "state",
      "provider": "provider[\"registry.terraform.io/hashicorp/aws\"]",
      "instances": [
        {
          "schema_version": 0,
          "attributes": {
            "acceleration_status": "",
            "acl": null,
            "arn": "arn:aws:s3:::discovery-studio-tfstate",
            "bucket": "discovery-studio-tfstate",
            "bucket_domain_name": "discovery-studio-tfstate.s3.amazonaws.com",
            "bucket_prefix": "",
            "bucket_regional_domain_name": "discovery-studio-tfstate.s3.us-east-1.amazonaws.com",
            "cors_rule": [],
            "force_destroy": false,
            "grant": [
              {
                "id": "feaa46071e155605f85d68875cd1f9f0c2d5a5946a31d239eb1987bd4cac35c0",
                "permissions": [
                  "FULL_CONTROL"
                ],
                "type": "CanonicalUser",
                "uri": ""
              }
            ],
            "hosted_zone_id": "Z3AQBSTGFYJSTF",
            "id": "discovery-studio-tfstate",
            "lifecycle_rule": [
              {
                "abort_incomplete_multipart_upload_days": 0,
                "enabled": true,
                "expiration": [],
                "id": "auto-archive",
                "noncurrent_version_expiration": [],
                "noncurrent_version_transition": [
                  {
                    "days": 7,
                    "storage_class": "GLACIER"
                  }
                ],
                "prefix": "",
                "tags": {},
                "transition": []
              }
            ],
            "logging": [],
            "object_lock_configuration": [],
            "object_lock_enabled": false,
            "policy": "{\"Statement\":[{\"Action\":\"s3:*\",\"Condition\":{\"Bool\":{\"aws:SecureTransport\":\"false\"}},\"Effect\":\"Deny\",\"Principal\":\"*\",\"Resource\":[\"arn:aws:s3:::discovery-studio-tfstate/*\",\"arn:aws:s3:::discovery-studio-tfstate\"],\"Sid\":\"AllowSSLRequestsOnly\"}],\"Version\":\"2012-10-17\"}",
            "region": "us-east-1",
            "replication_configuration": [
              {
                "role": "arn:aws:iam::866375467105:role/tf-remote-state-replication-role20250126085652093000000001",
                "rules": [
                  {
                    "delete_marker_replication_status": "",
                    "destination": [
                      {
                        "access_control_translation": [],
                        "account_id": "",
                        "bucket": "arn:aws:s3:::discovery-studio-tfstate-replica",
                        "metrics": [],
                        "replica_kms_key_id": "arn:aws:kms:us-west-1:866375467105:key/8ae74221-19e7-4e32-958c-634cd291012e",
                        "replication_time": [],
                        "storage_class": "STANDARD"
                      }
                    ],
                    "filter": [
                      {
                        "prefix": null,
                        "tags": null
                      }
                    ],
                    "id": "replica_configuration",
                    "prefix": "",
                    "priority": 0,
                    "source_selection_criteria": [
                      {
                        "sse_kms_encrypted_objects": [
                          {
                            "enabled": true
                          }
                        ]
                      }
                    ],
                    "status": "Enabled"
                  }
                ]
              }
            ],
            "request_payer": "BucketOwner",
            "server_side_encryption_configuration": [
              {
                "rule": [
                  {
                    "apply_server_side_encryption_by_default": [
                      {
                        "kms_master_key_id": "arn:aws:kms:us-east-1:866375467105:key/797e1767-e719-4117-b50f-0c0003dd6ee0",
                        "sse_algorithm": "aws:kms"
                      }
                    ],
                    "bucket_key_enabled": false
                  }
                ]
              }
            ],
            "tags": {
              "Terraform": "true"
            },
            "tags_all": {
              "Terraform": "true"
            },
            "timeouts": null,
            "versioning": [
              {
                "enabled": true,
                "mfa_delete": false
              }
            ],
            "website": [],
            "website_domain": null,
            "website_endpoint": null
          },
          "sensitive_attributes": [],
          "private": "eyJlMmJmYjczMC1lY2FhLTExZTYtOGY4OC0zNDM2M2JjN2M0YzAiOnsiY3JlYXRlIjoxMjAwMDAwMDAwMDAwLCJkZWxldGUiOjM2MDAwMDAwMDAwMDAsInJlYWQiOjEyMDAwMDAwMDAwMDAsInVwZGF0ZSI6MTIwMDAwMDAwMDAwMH19"
        }
      ]
    },
    {
      "module": "module.remote_state",
      "mode": "managed",
      "type": "aws_s3_bucket_acl",
      "name": "replica",
      "provider": "provider[\"registry.terraform.io/hashicorp/aws\"].replica",
      "instances": [
        {
          "index_key": 0,
          "schema_version": 0,
          "attributes": {
            "access_control_policy": [
              {
                "grant": [
                  {
                    "grantee": [
                      {
                        "display_name": "adrian.webb",
                        "email_address": "",
                        "id": "feaa46071e155605f85d68875cd1f9f0c2d5a5946a31d239eb1987bd4cac35c0",
                        "type": "CanonicalUser",
                        "uri": ""
                      }
                    ],
                    "permission": "FULL_CONTROL"
                  }
                ],
                "owner": [
                  {
                    "display_name": "adrian.webb",
                    "id": "feaa46071e155605f85d68875cd1f9f0c2d5a5946a31d239eb1987bd4cac35c0"
                  }
                ]
              }
            ],
            "acl": "private",
            "bucket": "discovery-studio-tfstate-replica",
            "expected_bucket_owner": "",
            "id": "discovery-studio-tfstate-replica,private"
          },
          "sensitive_attributes": [],
          "private": "bnVsbA==",
          "dependencies": [
            "module.remote_state.aws_s3_bucket.replica",
            "module.remote_state.aws_s3_bucket_ownership_controls.replica"
          ]
        }
      ]
    },
    {
      "module": "module.remote_state",
      "mode": "managed",
      "type": "aws_s3_bucket_acl",
      "name": "state",
      "provider": "provider[\"registry.terraform.io/hashicorp/aws\"]",
      "instances": [
        {
          "schema_version": 0,
          "attributes": {
            "access_control_policy": [
              {
                "grant": [
                  {
                    "grantee": [
                      {
                        "display_name": "adrian.webb",
                        "email_address": "",
                        "id": "feaa46071e155605f85d68875cd1f9f0c2d5a5946a31d239eb1987bd4cac35c0",
                        "type": "CanonicalUser",
                        "uri": ""
                      }
                    ],
                    "permission": "FULL_CONTROL"
                  }
                ],
                "owner": [
                  {
                    "display_name": "adrian.webb",
                    "id": "feaa46071e155605f85d68875cd1f9f0c2d5a5946a31d239eb1987bd4cac35c0"
                  }
                ]
              }
            ],
            "acl": "private",
            "bucket": "discovery-studio-tfstate",
            "expected_bucket_owner": "",
            "id": "discovery-studio-tfstate,private"
          },
          "sensitive_attributes": [],
          "private": "bnVsbA==",
          "dependencies": [
            "module.remote_state.aws_s3_bucket.state",
            "module.remote_state.aws_s3_bucket_ownership_controls.state"
          ]
        }
      ]
    },
    {
      "module": "module.remote_state",
      "mode": "managed",
      "type": "aws_s3_bucket_lifecycle_configuration",
      "name": "replica",
      "provider": "provider[\"registry.terraform.io/hashicorp/aws\"].replica",
      "instances": [
        {
          "index_key": 0,
          "schema_version": 0,
          "attributes": {
            "bucket": "discovery-studio-tfstate-replica",
            "expected_bucket_owner": "",
            "id": "discovery-studio-tfstate-replica",
            "rule": [
              {
                "abort_incomplete_multipart_upload": [],
                "expiration": [],
                "filter": [
                  {
                    "and": [],
                    "object_size_greater_than": "",
                    "object_size_less_than": "",
                    "prefix": "",
                    "tag": []
                  }
                ],
                "id": "auto-archive",
                "noncurrent_version_expiration": [],
                "noncurrent_version_transition": [
                  {
                    "newer_noncurrent_versions": "",
                    "noncurrent_days": 7,
                    "storage_class": "GLACIER"
                  }
                ],
                "prefix": "",
                "status": "Enabled",
                "transition": []
              }
            ],
            "timeouts": null,
            "transition_default_minimum_object_size": "all_storage_classes_128K"
          },
          "sensitive_attributes": [],
          "private": "eyJlMmJmYjczMC1lY2FhLTExZTYtOGY4OC0zNDM2M2JjN2M0YzAiOnsiY3JlYXRlIjoxODAwMDAwMDAwMDAsInVwZGF0ZSI6MTgwMDAwMDAwMDAwfX0=",
          "dependencies": [
            "module.remote_state.aws_s3_bucket.replica"
          ]
        }
      ]
    },
    {
      "module": "module.remote_state",
      "mode": "managed",
      "type": "aws_s3_bucket_lifecycle_configuration",
      "name": "state",
      "provider": "provider[\"registry.terraform.io/hashicorp/aws\"]",
      "instances": [
        {
          "index_key": 0,
          "schema_version": 0,
          "attributes": {
            "bucket": "discovery-studio-tfstate",
            "expected_bucket_owner": "",
            "id": "discovery-studio-tfstate",
            "rule": [
              {
                "abort_incomplete_multipart_upload": [],
                "expiration": [],
                "filter": [
                  {
                    "and": [],
                    "object_size_greater_than": "",
                    "object_size_less_than": "",
                    "prefix": "",
                    "tag": []
                  }
                ],
                "id": "auto-archive",
                "noncurrent_version_expiration": [],
                "noncurrent_version_transition": [
                  {
                    "newer_noncurrent_versions": "",
                    "noncurrent_days": 7,
                    "storage_class": "GLACIER"
                  }
                ],
                "prefix": "",
                "status": "Enabled",
                "transition": []
              }
            ],
            "timeouts": null,
            "transition_default_minimum_object_size": "all_storage_classes_128K"
          },
          "sensitive_attributes": [],
          "private": "eyJlMmJmYjczMC1lY2FhLTExZTYtOGY4OC0zNDM2M2JjN2M0YzAiOnsiY3JlYXRlIjoxODAwMDAwMDAwMDAsInVwZGF0ZSI6MTgwMDAwMDAwMDAwfX0=",
          "dependencies": [
            "module.remote_state.aws_s3_bucket.state"
          ]
        }
      ]
    },
    {
      "module": "module.remote_state",
      "mode": "managed",
      "type": "aws_s3_bucket_logging",
      "name": "state",
      "provider": "provider[\"registry.terraform.io/hashicorp/aws\"]",
      "instances": []
    },
    {
      "module": "module.remote_state",
      "mode": "managed",
      "type": "aws_s3_bucket_ownership_controls",
      "name": "replica",
      "provider": "provider[\"registry.terraform.io/hashicorp/aws\"].replica",
      "instances": [
        {
          "index_key": 0,
          "schema_version": 0,
          "attributes": {
            "bucket": "discovery-studio-tfstate-replica",
            "id": "discovery-studio-tfstate-replica",
            "rule": [
              {
                "object_ownership": "BucketOwnerPreferred"
              }
            ]
          },
          "sensitive_attributes": [],
          "private": "bnVsbA==",
          "dependencies": [
            "module.remote_state.aws_s3_bucket.replica"
          ]
        }
      ]
    },
    {
      "module": "module.remote_state",
      "mode": "managed",
      "type": "aws_s3_bucket_ownership_controls",
      "name": "state",
      "provider": "provider[\"registry.terraform.io/hashicorp/aws\"]",
      "instances": [
        {
          "schema_version": 0,
          "attributes": {
            "bucket": "discovery-studio-tfstate",
            "id": "discovery-studio-tfstate",
            "rule": [
              {
                "object_ownership": "BucketOwnerPreferred"
              }
            ]
          },
          "sensitive_attributes": [],
          "private": "bnVsbA==",
          "dependencies": [
            "module.remote_state.aws_s3_bucket.state"
          ]
        }
      ]
    },
    {
      "module": "module.remote_state",
      "mode": "managed",
      "type": "aws_s3_bucket_policy",
      "name": "replica_force_ssl",
      "provider": "provider[\"registry.terraform.io/hashicorp/aws\"].replica",
      "instances": [
        {
          "index_key": 0,
          "schema_version": 0,
          "attributes": {
            "bucket": "discovery-studio-tfstate-replica",
            "id": "discovery-studio-tfstate-replica",
            "policy": "{\"Statement\":[{\"Action\":\"s3:*\",\"Condition\":{\"Bool\":{\"aws:SecureTransport\":\"false\"}},\"Effect\":\"Deny\",\"Principal\":\"*\",\"Resource\":[\"arn:aws:s3:::discovery-studio-tfstate-replica/*\",\"arn:aws:s3:::discovery-studio-tfstate-replica\"],\"Sid\":\"AllowSSLRequestsOnly\"}],\"Version\":\"2012-10-17\"}"
          },
          "sensitive_attributes": [],
          "private": "bnVsbA==",
          "dependencies": [
            "module.remote_state.aws_s3_bucket.replica",
            "module.remote_state.aws_s3_bucket_public_access_block.replica",
            "module.remote_state.data.aws_iam_policy_document.replica_force_ssl"
          ]
        }
      ]
    },
    {
      "module": "module.remote_state",
      "mode": "managed",
      "type": "aws_s3_bucket_policy",
      "name": "state_force_ssl",
      "provider": "provider[\"registry.terraform.io/hashicorp/aws\"]",
      "instances": [
        {
          "schema_version": 0,
          "attributes": {
            "bucket": "discovery-studio-tfstate",
            "id": "discovery-studio-tfstate",
            "policy": "{\"Statement\":[{\"Action\":\"s3:*\",\"Condition\":{\"Bool\":{\"aws:SecureTransport\":\"false\"}},\"Effect\":\"Deny\",\"Principal\":\"*\",\"Resource\":[\"arn:aws:s3:::discovery-studio-tfstate/*\",\"arn:aws:s3:::discovery-studio-tfstate\"],\"Sid\":\"AllowSSLRequestsOnly\"}],\"Version\":\"2012-10-17\"}"
          },
          "sensitive_attributes": [],
          "private": "bnVsbA==",
          "dependencies": [
            "module.remote_state.aws_s3_bucket.state",
            "module.remote_state.aws_s3_bucket_public_access_block.state",
            "module.remote_state.data.aws_iam_policy_document.state_force_ssl"
          ]
        }
      ]
    },
    {
      "module": "module.remote_state",
      "mode": "managed",
      "type": "aws_s3_bucket_public_access_block",
      "name": "replica",
      "provider": "provider[\"registry.terraform.io/hashicorp/aws\"].replica",
      "instances": [
        {
          "index_key": 0,
          "schema_version": 0,
          "attributes": {
            "block_public_acls": true,
            "block_public_policy": true,
            "bucket": "discovery-studio-tfstate-replica",
            "id": "discovery-studio-tfstate-replica",
            "ignore_public_acls": true,
            "restrict_public_buckets": true
          },
          "sensitive_attributes": [],
          "private": "bnVsbA==",
          "dependencies": [
            "module.remote_state.aws_s3_bucket.replica"
          ]
        }
      ]
    },
    {
      "module": "module.remote_state",
      "mode": "managed",
      "type": "aws_s3_bucket_public_access_block",
      "name": "state",
      "provider": "provider[\"registry.terraform.io/hashicorp/aws\"]",
      "instances": [
        {
          "schema_version": 0,
          "attributes": {
            "block_public_acls": true,
            "block_public_policy": true,
            "bucket": "discovery-studio-tfstate",
            "id": "discovery-studio-tfstate",
            "ignore_public_acls": true,
            "restrict_public_buckets": true
          },
          "sensitive_attributes": [],
          "private": "bnVsbA==",
          "dependencies": [
            "module.remote_state.aws_s3_bucket.state"
          ]
        }
      ]
    },
    {
      "module": "module.remote_state",
      "mode": "managed",
      "type": "aws_s3_bucket_replication_configuration",
      "name": "state",
      "provider": "provider[\"registry.terraform.io/hashicorp/aws\"]",
      "instances": [
        {
          "index_key": 0,
          "schema_version": 0,
          "attributes": {
            "bucket": "discovery-studio-tfstate",
            "id": "discovery-studio-tfstate",
            "role": "arn:aws:iam::866375467105:role/tf-remote-state-replication-role20250126085652093000000001",
            "rule": [
              {
                "delete_marker_replication": [
                  {
                    "status": "Disabled"
                  }
                ],
                "destination": [
                  {
                    "access_control_translation": [],
                    "account": "",
                    "bucket": "arn:aws:s3:::discovery-studio-tfstate-replica",
                    "encryption_configuration": [
                      {
                        "replica_kms_key_id": "arn:aws:kms:us-west-1:866375467105:key/8ae74221-19e7-4e32-958c-634cd291012e"
                      }
                    ],
                    "metrics": [],
                    "replication_time": [],
                    "storage_class": "STANDARD"
                  }
                ],
                "existing_object_replication": [],
                "filter": [
                  {
                    "and": [],
                    "prefix": null,
                    "tag": []
                  }
                ],
                "id": "replica_configuration",
                "prefix": "",
                "priority": 0,
                "source_selection_criteria": [
                  {
                    "replica_modifications": [],
                    "sse_kms_encrypted_objects": [
                      {
                        "status": "Enabled"
                      }
                    ]
                  }
                ],
                "status": "Enabled"
              }
            ],
            "token": null
          },
          "sensitive_attributes": [
            [
              {
                "type": "get_attr",
                "value": "token"
              }
            ]
          ],
          "private": "bnVsbA==",
          "dependencies": [
            "module.remote_state.aws_iam_role.replication",
            "module.remote_state.aws_kms_key.replica",
            "module.remote_state.aws_s3_bucket.replica",
            "module.remote_state.aws_s3_bucket.state",
            "module.remote_state.aws_s3_bucket_versioning.replica",
            "module.remote_state.aws_s3_bucket_versioning.state"
          ]
        }
      ]
    },
    {
      "module": "module.remote_state",
      "mode": "managed",
      "type": "aws_s3_bucket_server_side_encryption_configuration",
      "name": "replica",
      "provider": "provider[\"registry.terraform.io/hashicorp/aws\"].replica",
      "instances": [
        {
          "index_key": 0,
          "schema_version": 0,
          "attributes": {
            "bucket": "discovery-studio-tfstate-replica",
            "expected_bucket_owner": "",
            "id": "discovery-studio-tfstate-replica",
            "rule": [
              {
                "apply_server_side_encryption_by_default": [
                  {
                    "kms_master_key_id": "arn:aws:kms:us-west-1:866375467105:key/8ae74221-19e7-4e32-958c-634cd291012e",
                    "sse_algorithm": "aws:kms"
                  }
                ],
                "bucket_key_enabled": false
              }
            ]
          },
          "sensitive_attributes": [],
          "private": "bnVsbA==",
          "dependencies": [
            "module.remote_state.aws_kms_key.replica",
            "module.remote_state.aws_s3_bucket.replica"
          ]
        }
      ]
    },
    {
      "module": "module.remote_state",
      "mode": "managed",
      "type": "aws_s3_bucket_server_side_encryption_configuration",
      "name": "state",
      "provider": "provider[\"registry.terraform.io/hashicorp/aws\"]",
      "instances": [
        {
          "schema_version": 0,
          "attributes": {
            "bucket": "discovery-studio-tfstate",
            "expected_bucket_owner": "",
            "id": "discovery-studio-tfstate",
            "rule": [
              {
                "apply_server_side_encryption_by_default": [
                  {
                    "kms_master_key_id": "arn:aws:kms:us-east-1:866375467105:key/797e1767-e719-4117-b50f-0c0003dd6ee0",
                    "sse_algorithm": "aws:kms"
                  }
                ],
                "bucket_key_enabled": false
              }
            ]
          },
          "sensitive_attributes": [],
          "private": "bnVsbA==",
          "dependencies": [
            "module.remote_state.aws_kms_key.this",
            "module.remote_state.aws_s3_bucket.state"
          ]
        }
      ]
    },
    {
      "module": "module.remote_state",
      "mode": "managed",
      "type": "aws_s3_bucket_versioning",
      "name": "replica",
      "provider": "provider[\"registry.terraform.io/hashicorp/aws\"].replica",
      "instances": [
        {
          "index_key": 0,
          "schema_version": 0,
          "attributes": {
            "bucket": "discovery-studio-tfstate-replica",
            "expected_bucket_owner": "",
            "id": "discovery-studio-tfstate-replica",
            "mfa": null,
            "versioning_configuration": [
              {
                "mfa_delete": "",
                "status": "Enabled"
              }
            ]
          },
          "sensitive_attributes": [],
          "private": "bnVsbA==",
          "dependencies": [
            "module.remote_state.aws_s3_bucket.replica"
          ]
        }
      ]
    },
    {
      "module": "module.remote_state",
      "mode": "managed",
      "type": "aws_s3_bucket_versioning",
      "name": "state",
      "provider": "provider[\"registry.terraform.io/hashicorp/aws\"]",
      "instances": [
        {
          "schema_version": 0,
          "attributes": {
            "bucket": "discovery-studio-tfstate",
            "expected_bucket_owner": "",
            "id": "discovery-studio-tfstate",
            "mfa": null,
            "versioning_configuration": [
              {
                "mfa_delete": "",
                "status": "Enabled"
              }
            ]
          },
          "sensitive_attributes": [],
          "private": "bnVsbA==",
          "dependencies": [
            "module.remote_state.aws_s3_bucket.state"
          ]
        }
      ]
    }
  ],
  "check_results": [
    {
      "object_kind": "var",
      "config_addr": "module.remote_state.var.s3_bucket_name",
      "status": "pass",
      "objects": [
        {
          "object_addr": "module.remote_state.var.s3_bucket_name",
          "status": "pass"
        }
      ]
    },
    {
      "object_kind": "var",
      "config_addr": "module.remote_state.var.s3_bucket_name_replica",
      "status": "pass",
      "objects": [
        {
          "object_addr": "module.remote_state.var.s3_bucket_name_replica",
          "status": "pass"
        }
      ]
    }
  ]
}
